
Microsoft Visual Studio Solution File, Format Version 12.00
# Visual Studio 15
VisualStudioVersion = 15.0.27703.2026
MinimumVisualStudioVersion = 10.0.40219.1
Project("{FAE04EC0-301F-11D3-BF4B-00C04F79EFBC}") = "WebApplication1", "WebApplication1\WebApplication1.csproj", "{D674D027-4C35-4677-B53C-A98089BDE96B}"
EndProject
Global
	GlobalSection(SolutionConfigurationPlatforms) = preSolution
		Debug|Any CPU = Debug|Any CPU
		Release|Any CPU = Release|Any CPU
	EndGlobalSection
	GlobalSection(ProjectConfigurationPlatforms) = postSolution
		{D674D027-4C35-4677-B53C-A98089BDE96B}.Debug|Any CPU.ActiveCfg = Debug|Any CPU
		{D674D027-4C35-4677-B53C-A98089BDE96B}.Debug|Any CPU.Build.0 = Debug|Any CPU
		{D674D027-4C35-4677-B53C-A98089BDE96B}.Release|Any CPU.ActiveCfg = Release|Any CPU
		{D674D027-4C35-4677-B53C-A98089BDE96B}.Release|Any CPU.Build.0 = Release|Any CPU
	EndGlobalSection
	GlobalSection(SolutionProperties) = preSolution
		HideSolutionNode = FALSE
	EndGlobalSection
	GlobalSection(ExtensibilityGlobals) = postSolution
		SolutionGuid = {9E5022BA-D1F6-4367-A04E-816C73444448}
	EndGlobalSection
EndGlobal
